// !$*UTF8*$!
{
	archiveVersion = 1;
	classes = {
	};
	objectVersion = 46;
	objects = {

/* Begin PBXBuildFile section */
		48C61AD71AC8AA560005FFE7 /* main.swift in Sources */ = {isa = PBXBuildFile; fileRef = 48C61AD61AC8AA560005FFE7 /* main.swift */; };
		48C61ADE1AC8AA6C0005FFE7 /* BSTNode.swift in Sources */ = {isa = PBXBuildFile; fileRef = 48C61ADD1AC8AA6C0005FFE7 /* BSTNode.swift */; };
/* End PBXBuildFile section */

/* Begin PBXCopyFilesBuildPhase section */
		48C61AD11AC8AA560005FFE7 /* CopyFiles */ = {
			isa = PBXCopyFilesBuildPhase;
			buildActionMask = 2147483647;
			dstPath = /usr/share/man/man1/;
			dstSubfolderSpec = 0;
			files = (
			);
			runOnlyForDeploymentPostprocessing = 1;
		};
/* End PBXCopyFilesBuildPhase section */

/* Begin PBXFileReference section */
		48C61AD31AC8AA560005FFE7 /* BSTHeight */ = {isa = PBXFileReference; explicitFileType = "compiled.mach-o.executable"; includeInIndex = 0; path = BSTHeight; sourceTree = BUILT_PRODUCTS_DIR; };
		48C61AD61AC8AA560005FFE7 /* main.swift */ = {isa = PBXFileReference; lastKnownFileType = sourcecode.swift; path = main.swift; sourceTree = "<group>"; };
		48C61ADD1AC8AA6C0005FFE7 /* BSTNode.swift */ = {isa = PBXFileReference; fileEncoding = 4; lastKnownFileType = sourcecode.swift; path = BSTNode.swift; sourceTree = "<group>"; };
/* End PBXFileReference section */

/* Begin PBXFrameworksBuildPhase section */
		48C61AD01AC8AA560005FFE7 /* Frameworks */ = {
			isa = PBXFrameworksBuildPhase;
			buildActionMask = 2147483647;
			files = (
			);
			runOnlyForDeploymentPostprocessing = 0;
		};
/* End PBXFrameworksBuildPhase section */

/* Begin PBXGroup section */
		48C61ACA1AC8AA560005FFE7 = {
			isa = PBXGroup;
			children = (
				48C61ADD1AC8AA6C0005FFE7 /* BSTNode.swift */,
				48C61AD51AC8AA560005FFE7 /* BSTHeight */,
				48C61AD41AC8AA560005FFE7 /* Products */,
			);
			sourceTree = "<group>";
		};
		48C61AD41AC8AA560005FFE7 /* Products */ = {
			isa = PBXGroup;
			children = (
				48C61AD31AC8AA560005FFE7 /* BSTHeight */,
			);
			name = Products;
			sourceTree = "<group>";
		};
		48C61AD51AC8AA560005FFE7 /* BSTHeight */ = {
			isa = PBXGroup;
			children = (
				48C61AD61AC8AA560005FFE7 /* main.swift */,
			);
			path = BSTHeight;
			sourceTree = "<group>";
		};
/* End PBXGroup section */

/* Begin PBXNativeTarget section */
		48C61AD21AC8AA560005FFE7 /* BSTHeight */ = {
			isa = PBXNativeTarget;
			buildConfigurationList = 48C61ADA1AC8AA560005FFE7 /* Build configuration list for PBXNativeTarget "BSTHeight" */;
			buildPhases = (
				48C61ACF1AC8AA560005FFE7 /* Sources */,
				48C61AD01AC8AA560005FFE7 /* Frameworks */,
				48C61AD11AC8AA560005FFE7 /* CopyFiles */,
			);
			buildRules = (
			);
			dependencies = (
			);
			name = BSTHeight;
			productName = BSTHeight;
			productReference = 48C61AD31AC8AA560005FFE7 /* BSTHeight */;
			productType = "com.apple.product-type.tool";
		};
/* End PBXNativeTarget section */

/* Begin PBXProject section */
		48C61ACB1AC8AA560005FFE7 /* Project object */ = {
			isa = PBXProject;
			attributes = {
				LastUpgradeCheck = 0620;
				ORGANIZATIONNAME = "Rodrigo Carballo";
				TargetAttributes = {
					48C61AD21AC8AA560005FFE7 = {
						CreatedOnToolsVersion = 6.2;
					};
				};
			};
			buildConfigurationList = 48C61ACE1AC8AA560005FFE7 /* Build configuration list for PBXProject "BSTHeight" */;
			compatibilityVersion = "Xcode 3.2";
			developmentRegion = English;
			hasScannedForEncodings = 0;
			knownRegions = (
				en,
			);
			mainGroup = 48C61ACA1AC8AA560005FFE7;
			productRefGroup = 48C61AD41AC8AA560005FFE7 /* Products */;
			projectDirPath = "";
			projectRoot = "";
			targets = (
				48C61AD21AC8AA560005FFE7 /* BSTHeight */,
			);
		};
/* End PBXProject section */

/* Begin PBXSourcesBuildPhase section */
		48C61ACF1AC8AA560005FFE7 /* Sources */ = {
			isa = PBXSourcesBuildPhase;
			buildActionMask = 2147483647;
			files = (
				48C61AD71AC8AA560005FFE7 /* main.swift in Sources */,
				48C61ADE1AC8AA6C0005FFE7 /* BSTNode.swift in Sources */,
			);
			runOnlyForDeploymentPostprocessing = 0;
		};
/* End PBXSourcesBuildPhase section */

/* Begin XCBuildConfiguration section */
		48C61AD81AC8AA560005FFE7 /* Debug */ = {
			isa = XCBuildConfiguration;
			buildSettings = {
				ALWAYS_SEARCH_USER_PATHS = NO;
				CLANG_CXX_LANGUAGE_STANDARD = "gnu++0x";
				CLANG_CXX_LIBRARY = "libc++";
				CLANG_ENABLE_MODULES = YES;
				CLANG_ENABLE_OBJC_ARC = YES;
				CLANG_WARN_BOOL_CONVERSION = YES;
				CLANG_WARN_CONSTANT_CONVERSION = YES;
				CLANG_WARN_DIRECT_OBJC_ISA_USAGE = YES_ERROR;
				CLANG_WARN_EMPTY_BODY = YES;
				CLANG_WARN_ENUM_CONVERSION = YES;
				CLANG_WARN_INT_CONVERSION = YES;
				CLANG_WARN_OBJC_ROOT_CLASS = YES_ERROR;
				CLANG_WARN_UNREACHABLE_CODE = YES;
				CLANG_WARN__DUPLICATE_METHOD_MATCH = YES;
				COPY_PHASE_STRIP = NO;
				ENABLE_STRICT_OBJC_MSGSEND = YES;
				GCC_C_LANGUAGE_STANDARD = gnu99;
				GCC_DYNAMIC_NO_PIC = NO;
				GCC_OPTIMIZATION_LEVEL = 0;
				GCC_PREPROCESSOR_DEFINITIONS = (
					"DEBUG=1",
					"$(inherited)",
				);
				GCC_SYMBOLS_PRIVATE_EXTERN = NO;
				GCC_WARN_64_TO_32_BIT_CONVERSION = YES;
				GCC_WARN_ABOUT_RETURN_TYPE = YES_ERROR;
				GCC_WARN_UNDECLARED_SELECTOR = YES;
				GCC_WARN_UNINITIALIZED_AUTOS = YES_AGGRESSIVE;
				GCC_WARN_UNUSED_FUNCTION = YES;
				GCC_WARN_UNUSED_VARIABLE = YES;
				MACOSX_DEPLOYMENT_TARGET = 10.10;
				MTL_ENABLE_DEBUG_INFO = YES;
				ONLY_ACTIVE_ARCH = YES;
				SDKROOT = macosx;
				SWIFT_OPTIMIZATION_LEVEL = "-Onone";
			};
			name = Debug;
		};
		48C61AD91AC8AA560005FFE7 /* Release */ = {
			isa = XCBuildConfiguration;
			buildSettings = {
				ALWAYS_SEARCH_USER_PATHS = NO;
				CLANG_CXX_LANGUAGE_STANDARD = "gnu++0x";
				CLANG_CXX_LIBRARY = "libc++";
				CLANG_ENABLE_MODULES = YES;
				CLANG_ENABLE_OBJC_ARC = YES;
				CLANG_WARN_BOOL_CONVERSION = YES;
				CLANG_WARN_CONSTANT_CONVERSION = YES;
				CLANG_WARN_DIRECT_OBJC_ISA_USAGE = YES_ERROR;
				CLANG_WARN_EMPTY_BODY = YES;
				CLANG_WARN_ENUM_CONVERSION = YES;
				CLANG_WARN_INT_CONVERSION = YES;
				CLANG_WARN_OBJC_ROOT_CLASS = YES_ERROR;
				CLANG_WARN_UNREACHABLE_CODE = YES;
				CLANG_WARN__DUPLICATE_METHOD_MATCH = YES;
				COPY_PHASE_STRIP = NO;
				DEBUG_INFORMATION_FORMAT = "dwarf-with-dsym";
				ENABLE_NS_ASSERTIONS = NO;
				ENABLE_STRICT_OBJC_MSGSEND = YES;
				GCC_C_LANGUAGE_STANDARD = gnu99;
				GCC_WARN_64_TO_32_BIT_CONVERSION = YES;
				GCC_WARN_ABOUT_RETURN_TYPE = YES_ERROR;
				GCC_WARN_UNDECLARED_SELECTOR = YES;
				GCC_WARN_UNINITIALIZED_AUTOS = YES_AGGRESSIVE;
				GCC_WARN_UNUSED_FUNCTION = YES;
				GCC_WARN_UNUSED_VARIABLE = YES;
				MACOSX_DEPLOYMENT_TARGET = 10.10;
				MTL_ENABLE_DEBUG_INFO = NO;
				SDKROOT = macosx;
			};
			name = Release;
		};
		48C61ADB1AC8AA560005FFE7 /* Debug */ = {
			isa = XCBuildConfiguration;
			buildSettings = {
				PRODUCT_NAME = "$(TARGET_NAME)";
			};
			name = Debug;
		};
		48C61ADC1AC8AA560005FFE7 /* Release */ = {
			isa = XCBuildConfiguration;
			buildSettings = {
				PRODUCT_NAME = "$(TARGET_NAME)";
			};
			name = Release;
		};
/* End XCBuildConfiguration section */

/* Begin XCConfigurationList section */
		48C61ACE1AC8AA560005FFE7 /* Build configuration list for PBXProject "BSTHeight" */ = {
			isa = XCConfigurationList;
			buildConfigurations = (
				48C61AD81AC8AA560005FFE7 /* Debug */,
				48C61AD91AC8AA560005FFE7 /* Release */,
			);
			defaultConfigurationIsVisible = 0;
			defaultConfigurationName = Release;
		};
		48C61ADA1AC8AA560005FFE7 /* Build configuration list for PBXNativeTarget "BSTHeight" */ = {
			isa = XCConfigurationList;
			buildConfigurations = (
				48C61ADB1AC8AA560005FFE7 /* Debug */,
				48C61ADC1AC8AA560005FFE7 /* Release */,
			);
			defaultConfigurationIsVisible = 0;
		};
/* End XCConfigurationList section */
	};
	rootObject = 48C61ACB1AC8AA560005FFE7 /* Project object */;
}
